Microsoft Visual Studio Solution File, Format Version 12.00
# Visual Studio 2012
Project("{FAE04EC0-301F-11D3-BF4B-00C04F79EFBC}") = "MiniGolf3000", "MiniGolf3000.csproj", "{1D6E88A5-C094-4EB5-93E0-40D42C92571D}"
EndProject
Global
	GlobalSection(SolutionConfigurationPlatforms) = preSolution
	Debug|Any CPU = Debug|Any CPU
	ExportDebug|Any CPU = ExportDebug|Any CPU
	ExportRelease|Any CPU = ExportRelease|Any CPU
	EndGlobalSection
	GlobalSection(ProjectConfigurationPlatforms) = postSolution
		{1D6E88A5-C094-4EB5-93E0-40D42C92571D}.Debug|Any CPU.ActiveCfg = Debug|Any CPU
		{1D6E88A5-C094-4EB5-93E0-40D42C92571D}.Debug|Any CPU.Build.0 = Debug|Any CPU
		{1D6E88A5-C094-4EB5-93E0-40D42C92571D}.ExportDebug|Any CPU.ActiveCfg = ExportDebug|Any CPU
		{1D6E88A5-C094-4EB5-93E0-40D42C92571D}.ExportDebug|Any CPU.Build.0 = ExportDebug|Any CPU
		{1D6E88A5-C094-4EB5-93E0-40D42C92571D}.ExportRelease|Any CPU.ActiveCfg = ExportRelease|Any CPU
		{1D6E88A5-C094-4EB5-93E0-40D42C92571D}.ExportRelease|Any CPU.Build.0 = ExportRelease|Any CPU
	EndGlobalSection
EndGlobal
